
Microsoft Visual Studio Solution File, Format Version 12.00
# Visual Studio Version 17
VisualStudioVersion = 17.5.33502.453
MinimumVisualStudioVersion = 10.0.40219.1
Project("{FAE04EC0-301F-11D3-BF4B-00C04F79EFBC}") = "Lesson_93_PropirtisBildinf", "Lesson_93_PropirtisBildinf\Lesson_93_PropirtisBildinf.csproj", "{023D1525-1F5C-45FD-BCB8-66F368512CBB}"
EndProject
Global
	GlobalSection(SolutionConfigurationPlatforms) = preSolution
		Debug|Any CPU = Debug|Any CPU
		Release|Any CPU = Release|Any CPU
	EndGlobalSection
	GlobalSection(ProjectConfigurationPlatforms) = postSolution
		{023D1525-1F5C-45FD-BCB8-66F368512CBB}.Debug|Any CPU.ActiveCfg = Debug|Any CPU
		{023D1525-1F5C-45FD-BCB8-66F368512CBB}.Debug|Any CPU.Build.0 = Debug|Any CPU
		{023D1525-1F5C-45FD-BCB8-66F368512CBB}.Release|Any CPU.ActiveCfg = Release|Any CPU
		{023D1525-1F5C-45FD-BCB8-66F368512CBB}.Release|Any CPU.Build.0 = Release|Any CPU
	EndGlobalSection
	GlobalSection(SolutionProperties) = preSolution
		HideSolutionNode = FALSE
	EndGlobalSection
	GlobalSection(ExtensibilityGlobals) = postSolution
		SolutionGuid = {B90DD143-1F72-4898-9965-9A5CD9A8DDED}
	EndGlobalSection
EndGlobal
